
Microsoft Visual Studio Solution File, Format Version 12.00
# Visual Studio Version 17
VisualStudioVersion = 17.14.36301.6 d17.14
MinimumVisualStudioVersion = 10.0.40219.1
Project("{FAE04EC0-301F-11D3-BF4B-00C04F79EFBC}") = "BabyStepsMultiplayerServer", "BabyStepsMultiplayerServer\BabyStepsMultiplayerServer.csproj", "{ADF1CC8A-B880-4121-870F-D8EB1E6D4AEF}"
EndProject
Global
	GlobalSection(SolutionConfigurationPlatforms) = preSolution
		Debug|Any CPU = Debug|Any CPU
		Release|Any CPU = Release|Any CPU
	EndGlobalSection
	GlobalSection(ProjectConfigurationPlatforms) = postSolution
		{ADF1CC8A-B880-4121-870F-D8EB1E6D4AEF}.Debug|Any CPU.ActiveCfg = Debug|Any CPU
		{ADF1CC8A-B880-4121-870F-D8EB1E6D4AEF}.Debug|Any CPU.Build.0 = Debug|Any CPU
		{ADF1CC8A-B880-4121-870F-D8EB1E6D4AEF}.Release|Any CPU.ActiveCfg = Release|Any CPU
		{ADF1CC8A-B880-4121-870F-D8EB1E6D4AEF}.Release|Any CPU.Build.0 = Release|Any CPU
	EndGlobalSection
	GlobalSection(SolutionProperties) = preSolution
		HideSolutionNode = FALSE
	EndGlobalSection
	GlobalSection(ExtensibilityGlobals) = postSolution
		SolutionGuid = {64FF862F-1A91-4F09-9E3B-556131D97DF2}
	EndGlobalSection
EndGlobal
